
Microsoft Visual Studio Solution File, Format Version 12.00
# Visual Studio Version 17
VisualStudioVersion = 17.1.32228.430
MinimumVisualStudioVersion = 10.0.40219.1
Project("{FAE04EC0-301F-11D3-BF4B-00C04F79EFBC}") = "demoapp", "demoapp\demoapp.csproj", "{041B925E-4219-46C7-8119-0B157273B067}"
EndProject
Global
	GlobalSection(SolutionConfigurationPlatforms) = preSolution
		Debug|Any CPU = Debug|Any CPU
		Release|Any CPU = Release|Any CPU
	EndGlobalSection
	GlobalSection(ProjectConfigurationPlatforms) = postSolution
		{041B925E-4219-46C7-8119-0B157273B067}.Debug|Any CPU.ActiveCfg = Debug|Any CPU
		{041B925E-4219-46C7-8119-0B157273B067}.Debug|Any CPU.Build.0 = Debug|Any CPU
		{041B925E-4219-46C7-8119-0B157273B067}.Release|Any CPU.ActiveCfg = Release|Any CPU
		{041B925E-4219-46C7-8119-0B157273B067}.Release|Any CPU.Build.0 = Release|Any CPU
	EndGlobalSection
	GlobalSection(SolutionProperties) = preSolution
		HideSolutionNode = FALSE
	EndGlobalSection
	GlobalSection(ExtensibilityGlobals) = postSolution
		SolutionGuid = {49A9AD6C-2A94-493A-BD75-413023CC18FC}
	EndGlobalSection
EndGlobal
